
Microsoft Visual Studio Solution File, Format Version 11.00
# Visual C++ Express 2010
Project("{8BC9CEB8-8B4A-11D0-8D11-00A0C91BC942}") = "Carrera", "Carrera\Carrera.vcxproj", "{400E8C3D-B0BB-4C8F-AB75-6C2996026FDC}"
EndProject
Global
	GlobalSection(SolutionConfigurationPlatforms) = preSolution
		Debug|Win32 = Debug|Win32
		Release|Win32 = Release|Win32
	EndGlobalSection
	GlobalSection(ProjectConfigurationPlatforms) = postSolution
		{400E8C3D-B0BB-4C8F-AB75-6C2996026FDC}.Debug|Win32.ActiveCfg = Debug|Win32
		{400E8C3D-B0BB-4C8F-AB75-6C2996026FDC}.Debug|Win32.Build.0 = Debug|Win32
		{400E8C3D-B0BB-4C8F-AB75-6C2996026FDC}.Release|Win32.ActiveCfg = Release|Win32
		{400E8C3D-B0BB-4C8F-AB75-6C2996026FDC}.Release|Win32.Build.0 = Release|Win32
	EndGlobalSection
	GlobalSection(SolutionProperties) = preSolution
		HideSolutionNode = FALSE
	EndGlobalSection
EndGlobal
